
Microsoft Visual Studio Solution File, Format Version 12.00
# Visual Studio Version 17
VisualStudioVersion = 17.9.34728.123
MinimumVisualStudioVersion = 10.0.40219.1
Project("{FAE04EC0-301F-11D3-BF4B-00C04F79EFBC}") = "2753_LeapYear", "2753_LeapYear\2753_LeapYear.csproj", "{28434AC5-4BE7-44D0-A8E1-703D2C8A947F}"
EndProject
Global
	GlobalSection(SolutionConfigurationPlatforms) = preSolution
		Debug|Any CPU = Debug|Any CPU
		Release|Any CPU = Release|Any CPU
	EndGlobalSection
	GlobalSection(ProjectConfigurationPlatforms) = postSolution
		{28434AC5-4BE7-44D0-A8E1-703D2C8A947F}.Debug|Any CPU.ActiveCfg = Debug|Any CPU
		{28434AC5-4BE7-44D0-A8E1-703D2C8A947F}.Debug|Any CPU.Build.0 = Debug|Any CPU
		{28434AC5-4BE7-44D0-A8E1-703D2C8A947F}.Release|Any CPU.ActiveCfg = Release|Any CPU
		{28434AC5-4BE7-44D0-A8E1-703D2C8A947F}.Release|Any CPU.Build.0 = Release|Any CPU
	EndGlobalSection
	GlobalSection(SolutionProperties) = preSolution
		HideSolutionNode = FALSE
	EndGlobalSection
	GlobalSection(ExtensibilityGlobals) = postSolution
		SolutionGuid = {D019A6F0-2330-4900-9E54-1283A94787AC}
	EndGlobalSection
EndGlobal
